// !$*UTF8*$!
{
	archiveVersion = 1;
	classes = {
	};
	objectVersion = 42;
	objects = {

/* Begin PBXBuildFile section */
		1C0FEF1D0F88C816002009B6 /* RandomizedVector.cpp in Sources */ = {isa = PBXBuildFile; fileRef = 1C0FEF1C0F88C816002009B6 /* RandomizedVector.cpp */; };
		1C0FEFC10F88DBB1002009B6 /* PolonaiseCUDA.cpp in Sources */ = {isa = PBXBuildFile; fileRef = 1CBD02080F72795400DEE3E8 /* PolonaiseCUDA.cpp */; };
		1C0FEFC30F88DC05002009B6 /* PolonaiseCUDAStarter.cu in Sources */ = {isa = PBXBuildFile; fileRef = 1CBD023E0F72876D00DEE3E8 /* PolonaiseCUDAStarter.cu */; };
		1C0FF04D0F88F388002009B6 /* findFollowerKernel.cu in Sources */ = {isa = PBXBuildFile; fileRef = 1C0FF03C0F88E5A5002009B6 /* findFollowerKernel.cu */; };
		1C18ED9E0F7BB6A800100C21 /* CUDAVectorUtilities.cu in Sources */ = {isa = PBXBuildFile; fileRef = 1C18ED9A0F7BB51000100C21 /* CUDAVectorUtilities.cu */; };
		1C18EDA70F7BC2FD00100C21 /* CUDAFloatUtilities.cu in Sources */ = {isa = PBXBuildFile; fileRef = 1C18EDA60F7BC25D00100C21 /* CUDAFloatUtilities.cu */; };
		1C18EE1D0F7BF24A00100C21 /* MultiplePursuitCUDA.cpp in Sources */ = {isa = PBXBuildFile; fileRef = 1C18EE1C0F7BF24A00100C21 /* MultiplePursuitCUDA.cpp */; };
		1C18EE6D0F7C039A00100C21 /* steerForPursuitKernel.cu in Sources */ = {isa = PBXBuildFile; fileRef = 1C18EE6C0F7C037F00100C21 /* steerForPursuitKernel.cu */; };
		1C1B66DA0F9DEBD4002C5E0C /* Boids.cpp in Sources */ = {isa = PBXBuildFile; fileRef = 32FFF56406E9CECE00E1D8A3 /* Boids.cpp */; };
		1C1B66E60F9DEC13002C5E0C /* BoidsCUDA.cpp in Sources */ = {isa = PBXBuildFile; fileRef = 1C1B66E50F9DEC13002C5E0C /* BoidsCUDA.cpp */; };
		1C2995270F9B3DEB0018FD5C /* steerToFollowPathKernel.cu in Sources */ = {isa = PBXBuildFile; fileRef = 1CD457670F937A00008D29D5 /* steerToFollowPathKernel.cu */; };
		1C3568E70F9F0E5D0079E377 /* BoidsCUDAStarter.cu in Sources */ = {isa = PBXBuildFile; fileRef = 1C3568AB0F9F009B0079E377 /* BoidsCUDAStarter.cu */; };
		1C3568F50F9F0F8C0079E377 /* findNeighborsKernel.cu in Sources */ = {isa = PBXBuildFile; fileRef = 1C6C7F310F9C8A4E003932BE /* findNeighborsKernel.cu */; };
		1C3569F90F9F1B7C0079E377 /* libcutilD.a in Frameworks */ = {isa = PBXBuildFile; fileRef = 1C3569F80F9F1B7C0079E377 /* libcutilD.a */; };
		1C356C5A0F9F2ECF0079E377 /* CUDANeighborUtilities.cu in Sources */ = {isa = PBXBuildFile; fileRef = 1C9118E40F9C919600941CFC /* CUDANeighborUtilities.cu */; };
		1C356C8C0F9F46D90079E377 /* steerForSeparationKernel.cu in Sources */ = {isa = PBXBuildFile; fileRef = 1C9119700F9CDB3900941CFC /* steerForSeparationKernel.cu */; };
		1C356C8D0F9F46DD0079E377 /* steerForAlignmentKernel.cu in Sources */ = {isa = PBXBuildFile; fileRef = 1C1B66130F9DD2FD002C5E0C /* steerForAlignmentKernel.cu */; };
		1C356C8E0F9F46E10079E377 /* steerForCohesionKernel.cu in Sources */ = {isa = PBXBuildFile; fileRef = 1C1B66170F9DD4CC002C5E0C /* steerForCohesionKernel.cu */; };
		1C45011C0F8E404C00804B2F /* steerToAvoidObstaclesKernel.cu in Sources */ = {isa = PBXBuildFile; fileRef = 1C45007A0F8E06E900804B2F /* steerToAvoidObstaclesKernel.cu */; };
		1C4BE7C50FAE00EC0028D34A /* FindFollower.cu in Resources */ = {isa = PBXBuildFile; fileRef = 1C4BE7C40FAE00EC0028D34A /* FindFollower.cu */; };
		1C4BE7CE0FAE04270028D34A /* SteerForSeek.cu in Resources */ = {isa = PBXBuildFile; fileRef = 1C4BE7CD0FAE04270028D34A /* SteerForSeek.cu */; };
		1C4BE7F50FAE2D8A0028D34A /* SteerForFlee.cu in Resources */ = {isa = PBXBuildFile; fileRef = 1C4BE7F40FAE2D8A0028D34A /* SteerForFlee.cu */; };
		1C4BE7FC0FAE31D40028D34A /* SteerForTargetSpeed.cu in Sources */ = {isa = PBXBuildFile; fileRef = 1C4BE7FB0FAE31D40028D34A /* SteerForTargetSpeed.cu */; };
		1C6473A80F821F92006F4046 /* MemoryBackend.cpp in Sources */ = {isa = PBXBuildFile; fileRef = 1C6473A70F821F92006F4046 /* MemoryBackend.cpp */; };
		1C6A83E80F94A0E900A2D253 /* FollowPathCUDAStarter.cu in Sources */ = {isa = PBXBuildFile; fileRef = 1C9C36E50F948A4100F4A359 /* FollowPathCUDAStarter.cu */; };
		1C6A888E0F95F6F100A2D253 /* steerForEvasionKernel.cu in Sources */ = {isa = PBXBuildFile; fileRef = 1C6A88860F95EE6900A2D253 /* steerForEvasionKernel.cu */; };
		1C6A89DA0F96182D00A2D253 /* steerForFleeKernel.cu in Sources */ = {isa = PBXBuildFile; fileRef = 1C18EDA90F7BC3B600100C21 /* steerForFleeKernel.cu */; };
		1C6A89EB0F96267F00A2D253 /* steerForTargetSpeedKernel.cu in Sources */ = {isa = PBXBuildFile; fileRef = 1C18EE130F7BE14200100C21 /* steerForTargetSpeedKernel.cu */; };
		1C8DA56C0F768139006231F5 /* updateKernel.cu in Sources */ = {isa = PBXBuildFile; fileRef = 1C8DA5670F767783006231F5 /* updateKernel.cu */; };
		1C9C36A20F94872900F4A359 /* FollowPathCUDA.cpp in Sources */ = {isa = PBXBuildFile; fileRef = 1C9C36A10F94872900F4A359 /* FollowPathCUDA.cpp */; };
		1C9C36EB0F948BD500F4A359 /* PathwayDataFunc.cpp in Sources */ = {isa = PBXBuildFile; fileRef = 1C9C36EA0F948BD500F4A359 /* PathwayDataFunc.cpp */; };
		1C9D1FF00FADA58900A43134 /* JustWanderCUDA.cpp in Sources */ = {isa = PBXBuildFile; fileRef = 1C9D1FEF0FADA58900A43134 /* JustWanderCUDA.cpp */; };
		1C9D209A0FADB57600A43134 /* Update.cu in Sources */ = {isa = PBXBuildFile; fileRef = 1C9D20720FADB32800A43134 /* Update.cu */; };
		1CA02A130F8D188100D03331 /* WanderAround.cpp in Sources */ = {isa = PBXBuildFile; fileRef = 1CA02A120F8D188100D03331 /* WanderAround.cpp */; };
		1CA4556F0FA5EC15003AC8B3 /* steerToAvoidNeighborsKernel.cu in Sources */ = {isa = PBXBuildFile; fileRef = 1CA7B0130FA5B762004E76BF /* steerToAvoidNeighborsKernel.cu */; };
		1CA56BDF0F824EF800819A74 /* SimpleVehicleMB.cpp in Sources */ = {isa = PBXBuildFile; fileRef = 1CA56BDE0F824EF800819A74 /* SimpleVehicleMB.cpp */; };
		1CA7B0970FA5DE99004E76BF /* steerToAvoidCloseNeighborsKernel.cu in Sources */ = {isa = PBXBuildFile; fileRef = 1CA7B00D0FA5AD0F004E76BF /* steerToAvoidCloseNeighborsKernel.cu */; };
		1CBD02870F728D4800DEE3E8 /* libcutil.a in Frameworks */ = {isa = PBXBuildFile; fileRef = 1CBD02860F728D4800DEE3E8 /* libcutil.a */; };
		1CC033B70FA71E6C00104572 /* steerForWanderKernel.cu in Sources */ = {isa = PBXBuildFile; fileRef = 1C18EDEA0F7BC6BF00100C21 /* steerForWanderKernel.cu */; };
		1CC034120FA725A100104572 /* CUDAPlugIn.cpp in Sources */ = {isa = PBXBuildFile; fileRef = 1CC0333F0FA70F9D00104572 /* CUDAPlugIn.cpp */; };
		1CC034990FA7335F00104572 /* SteerForWander.cu in Sources */ = {isa = PBXBuildFile; fileRef = 1CC034980FA7335F00104572 /* SteerForWander.cu */; };
		1CC034D40FA73C7500104572 /* AbstractCUDAKernel.cpp in Sources */ = {isa = PBXBuildFile; fileRef = 1CC034D30FA73C7500104572 /* AbstractCUDAKernel.cpp */; };
		1CC8D5FC0F8DC64B006CEA94 /* WanderAroundCUDA.cpp in Sources */ = {isa = PBXBuildFile; fileRef = 1CC8D5FB0F8DC64B006CEA94 /* WanderAroundCUDA.cpp */; };
		1CC8D61A0F8DD037006CEA94 /* WanderAroundCUDAStarter.cu in Sources */ = {isa = PBXBuildFile; fileRef = 1CC8D6060F8DC8D9006CEA94 /* WanderAroundCUDAStarter.cu */; };
		1CC9C2190F70FD1400990434 /* Polonaise.cpp in Sources */ = {isa = PBXBuildFile; fileRef = 1CC9C2180F70FD1400990434 /* Polonaise.cpp */; };
		1CCAD2CD0F6E81CA005A3712 /* libcuda.dylib in Frameworks */ = {isa = PBXBuildFile; fileRef = 1CCAD2CB0F6E81CA005A3712 /* libcuda.dylib */; };
		1CCAD2CE0F6E81CA005A3712 /* libcudart.dylib in Frameworks */ = {isa = PBXBuildFile; fileRef = 1CCAD2CC0F6E81CA005A3712 /* libcudart.dylib */; };
		1CCE694C0F7A3C5800DB4AA8 /* steerForSeekKernel.cu in Resources */ = {isa = PBXBuildFile; fileRef = 1CCE694B0F7A3C4800DB4AA8 /* steerForSeekKernel.cu */; };
		1CCE69670F7A43B600DB4AA8 /* steerForSeekKernel.cu in Sources */ = {isa = PBXBuildFile; fileRef = 1CCE694B0F7A3C4800DB4AA8 /* steerForSeekKernel.cu */; };
		1CD0583C0F9C6A4100320687 /* Grid.cpp in Sources */ = {isa = PBXBuildFile; fileRef = 1CD0583B0F9C6A4100320687 /* Grid.cpp */; };
		1CD457360F9350A3008D29D5 /* CUDAPathwayUtilities.cu in Resources */ = {isa = PBXBuildFile; fileRef = 1CD457350F9350A3008D29D5 /* CUDAPathwayUtilities.cu */; };
		1CD457480F936E62008D29D5 /* FollowPath.cpp in Sources */ = {isa = PBXBuildFile; fileRef = 1CD457470F936E62008D29D5 /* FollowPath.cpp */; };
		1CDFFCCE0F7FA7AF00A9159E /* MultiplePursuitCUDAStarter.cu in Sources */ = {isa = PBXBuildFile; fileRef = 1C18EE640F7C031300100C21 /* MultiplePursuitCUDAStarter.cu */; };
		1CE2B0710F90D092002F3089 /* CUDAKernelOptions.cu in Resources */ = {isa = PBXBuildFile; fileRef = 1CE2B0700F90D092002F3089 /* CUDAKernelOptions.cu */; };
		32FFF49306E90A9F00E1D8A3 /* GLUT.framework in Frameworks */ = {isa = PBXBuildFile; fileRef = 32FFF49106E90A9F00E1D8A3 /* GLUT.framework */; };
		32FFF49406E90A9F00E1D8A3 /* OpenGL.framework in Frameworks */ = {isa = PBXBuildFile; fileRef = 32FFF49206E90A9F00E1D8A3 /* OpenGL.framework */; };
		32FFF4FB06E958DE00E1D8A3 /* libstdc++.a in Frameworks */ = {isa = PBXBuildFile; fileRef = 32FFF4FA06E958DE00E1D8A3 /* libstdc++.a */; };
		32FFF54F06E9CEBD00E1D8A3 /* Camera.cpp in Sources */ = {isa = PBXBuildFile; fileRef = 32FFF54506E9CEBD00E1D8A3 /* Camera.cpp */; };
		32FFF55006E9CEBD00E1D8A3 /* Clock.cpp in Sources */ = {isa = PBXBuildFile; fileRef = 32FFF54606E9CEBD00E1D8A3 /* Clock.cpp */; };
		32FFF55106E9CEBD00E1D8A3 /* Draw.cpp in Sources */ = {isa = PBXBuildFile; fileRef = 32FFF54706E9CEBD00E1D8A3 /* Draw.cpp */; };
		32FFF55206E9CEBD00E1D8A3 /* lq.c in Sources */ = {isa = PBXBuildFile; fileRef = 32FFF54806E9CEBD00E1D8A3 /* lq.c */; };
		32FFF55306E9CEBD00E1D8A3 /* main.cpp in Sources */ = {isa = PBXBuildFile; fileRef = 32FFF54906E9CEBD00E1D8A3 /* main.cpp */; };
		32FFF55406E9CEBE00E1D8A3 /* Pathway.cpp in Sources */ = {isa = PBXBuildFile; fileRef = 32FFF54A06E9CEBD00E1D8A3 /* Pathway.cpp */; };
		32FFF55506E9CEBE00E1D8A3 /* PlugIn.cpp in Sources */ = {isa = PBXBuildFile; fileRef = 32FFF54B06E9CEBD00E1D8A3 /* PlugIn.cpp */; };
		32FFF55606E9CEBE00E1D8A3 /* SimpleVehicle.cpp in Sources */ = {isa = PBXBuildFile; fileRef = 32FFF54C06E9CEBD00E1D8A3 /* SimpleVehicle.cpp */; };
		32FFF55806E9CEBE00E1D8A3 /* Vec3.cpp in Sources */ = {isa = PBXBuildFile; fileRef = 32FFF54E06E9CEBD00E1D8A3 /* Vec3.cpp */; };
		32FFF57006E9CECE00E1D8A3 /* MultiplePursuit.cpp in Sources */ = {isa = PBXBuildFile; fileRef = 32FFF56806E9CECE00E1D8A3 /* MultiplePursuit.cpp */; };
		32FFF58106E9CF3800E1D8A3 /* OpenSteer.icns in Resources */ = {isa = PBXBuildFile; fileRef = 32FFF58006E9CF3800E1D8A3 /* OpenSteer.icns */; };
		84AD12AE070E221100559513 /* OpenSteerDemo.h in Resources */ = {isa = PBXBuildFile; fileRef = 84AD12AD070E221100559513 /* OpenSteerDemo.h */; };
		84AD12B2070E224000559513 /* OpenSteerDemo.cpp in Sources */ = {isa = PBXBuildFile; fileRef = 84AD12B1070E224000559513 /* OpenSteerDemo.cpp */; };
		8D11072A0486CEB800E47090 /* MainMenu.nib in Resources */ = {isa = PBXBuildFile; fileRef = 29B97318FDCFA39411CA2CEA /* MainMenu.nib */; };
		8D11072B0486CEB800E47090 /* InfoPlist.strings in Resources */ = {isa = PBXBuildFile; fileRef = 089C165CFE840E0CC02AAC07 /* InfoPlist.strings */; };
		8D11072F0486CEB800E47090 /* Cocoa.framework in Frameworks */ = {isa = PBXBuildFile; fileRef = 1058C7A1FEA54F0111CA2CBB /* Cocoa.framework */; };
/* End PBXBuildFile section */

/* Begin PBXBuildRule section */
		1CCAD2BB0F6E7D03005A3712 /* PBXBuildRule */ = {
			isa = PBXBuildRule;
			compilerSpec = com.apple.compilers.proxy.script;
			filePatterns = "*.cu";
			fileType = pattern.proxy;
			isEditable = 1;
			outputFiles = (
				"$(DERIVED_FILES_DIR)/$(INPUT_FILE_BASE).o",
			);
			script = "if [ \"${CONFIGURATION}\" == \"Development\" ]; then\n\tFLAGS=\"-g --device-emulation -D_DEBUG\"\nelif [ \"${CONFIGURATION}\" == \"DevelopmentWithGPU\" ]; then\n\tFLAGS=\"-g\"\nelse\n\tFLAGS=\"-O3\"\nfi\n\n/usr/local/cuda/bin/nvcc $FLAGS -c ${INPUT_FILE_PATH} -o ${DERIVED_FILES_DIR}/${INPUT_FILE_BASE}.o -DNVCC -I${PROJECT_DIR}/../include/ -I${PROJECT_DIR}/../cuda/device -I/usr/local/cuda/include/ -I/Developer/CUDA/common/inc --ptxas-options=\"-v\"";
		};
/* End PBXBuildRule section */

/* Begin PBXFileReference section */
		089C165DFE840E0CC02AAC07 /* English */ = {isa = PBXFileReference; fileEncoding = 10; lastKnownFileType = text.plist.strings; name = English; path = English.lproj/InfoPlist.strings; sourceTree = "<group>"; };
		1058C7A1FEA54F0111CA2CBB /* Cocoa.framework */ = {isa = PBXFileReference; lastKnownFileType = wrapper.framework; name = Cocoa.framework; path = /System/Library/Frameworks/Cocoa.framework; sourceTree = "<absolute>"; };
		1C0FEF1C0F88C816002009B6 /* RandomizedVector.cpp */ = {isa = PBXFileReference; fileEncoding = 4; lastKnownFileType = sourcecode.cpp.cpp; path = RandomizedVector.cpp; sourceTree = "<group>"; };
		1C0FEF380F88CC59002009B6 /* RandomizedVector.h */ = {isa = PBXFileReference; fileEncoding = 4; lastKnownFileType = sourcecode.c.h; path = RandomizedVector.h; sourceTree = "<group>"; };
		1C0FF03C0F88E5A5002009B6 /* findFollowerKernel.cu */ = {isa = PBXFileReference; explicitFileType = sourcecode.cpp; fileEncoding = 4; name = findFollowerKernel.cu; path = ../cuda/device/findFollowerKernel.cu; sourceTree = "<group>"; };
		1C18ED9A0F7BB51000100C21 /* CUDAVectorUtilities.cu */ = {isa = PBXFileReference; explicitFileType = sourcecode.cpp; fileEncoding = 4; name = CUDAVectorUtilities.cu; path = ../cuda/device/CUDAVectorUtilities.cu; sourceTree = "<group>"; };
		1C18EDA60F7BC25D00100C21 /* CUDAFloatUtilities.cu */ = {isa = PBXFileReference; explicitFileType = sourcecode.cpp; fileEncoding = 4; name = CUDAFloatUtilities.cu; path = ../cuda/device/CUDAFloatUtilities.cu; sourceTree = "<group>"; };
		1C18EDA90F7BC3B600100C21 /* steerForFleeKernel.cu */ = {isa = PBXFileReference; explicitFileType = sourcecode.cpp; fileEncoding = 4; name = steerForFleeKernel.cu; path = ../cuda/device/steerForFleeKernel.cu; sourceTree = "<group>"; };
		1C18EDEA0F7BC6BF00100C21 /* steerForWanderKernel.cu */ = {isa = PBXFileReference; explicitFileType = sourcecode.cpp; fileEncoding = 4; name = steerForWanderKernel.cu; path = ../cuda/device/steerForWanderKernel.cu; sourceTree = "<group>"; };
		1C18EE130F7BE14200100C21 /* steerForTargetSpeedKernel.cu */ = {isa = PBXFileReference; explicitFileType = sourcecode.cpp; fileEncoding = 4; name = steerForTargetSpeedKernel.cu; path = ../cuda/device/steerForTargetSpeedKernel.cu; sourceTree = SOURCE_ROOT; };
		1C18EE1C0F7BF24A00100C21 /* MultiplePursuitCUDA.cpp */ = {isa = PBXFileReference; fileEncoding = 4; lastKnownFileType = sourcecode.cpp.cpp; path = MultiplePursuitCUDA.cpp; sourceTree = "<group>"; };
		1C18EE640F7C031300100C21 /* MultiplePursuitCUDAStarter.cu */ = {isa = PBXFileReference; explicitFileType = sourcecode.cpp; fileEncoding = 4; path = MultiplePursuitCUDAStarter.cu; sourceTree = "<group>"; };
		1C18EE6C0F7C037F00100C21 /* steerForPursuitKernel.cu */ = {isa = PBXFileReference; explicitFileType = sourcecode.cpp; fileEncoding = 4; name = steerForPursuitKernel.cu; path = ../cuda/device/steerForPursuitKernel.cu; sourceTree = "<group>"; };
		1C1B66130F9DD2FD002C5E0C /* steerForAlignmentKernel.cu */ = {isa = PBXFileReference; explicitFileType = sourcecode.cpp; fileEncoding = 4; name = steerForAlignmentKernel.cu; path = ../cuda/device/steerForAlignmentKernel.cu; sourceTree = SOURCE_ROOT; };
		1C1B66170F9DD4CC002C5E0C /* steerForCohesionKernel.cu */ = {isa = PBXFileReference; explicitFileType = sourcecode.cpp; fileEncoding = 4; name = steerForCohesionKernel.cu; path = ../cuda/device/steerForCohesionKernel.cu; sourceTree = SOURCE_ROOT; };
		1C1B66E50F9DEC13002C5E0C /* BoidsCUDA.cpp */ = {isa = PBXFileReference; fileEncoding = 4; lastKnownFileType = sourcecode.cpp.cpp; path = BoidsCUDA.cpp; sourceTree = "<group>"; };
		1C3568AB0F9F009B0079E377 /* BoidsCUDAStarter.cu */ = {isa = PBXFileReference; explicitFileType = sourcecode.cpp; fileEncoding = 4; path = BoidsCUDAStarter.cu; sourceTree = "<group>"; };
		1C3569F80F9F1B7C0079E377 /* libcutilD.a */ = {isa = PBXFileReference; lastKnownFileType = archive.ar; name = libcutilD.a; path = CUDA/lib/libcutilD.a; sourceTree = SYSTEM_DEVELOPER_DIR; };
		1C45007A0F8E06E900804B2F /* steerToAvoidObstaclesKernel.cu */ = {isa = PBXFileReference; explicitFileType = sourcecode.cpp; fileEncoding = 4; name = steerToAvoidObstaclesKernel.cu; path = ../cuda/device/steerToAvoidObstaclesKernel.cu; sourceTree = "<group>"; };
		1C4500920F8E0EA000804B2F /* ObstacleData.h */ = {isa = PBXFileReference; fileEncoding = 4; lastKnownFileType = sourcecode.c.h; path = ObstacleData.h; sourceTree = "<group>"; };
		1C4BE7C30FAE00EC0028D34A /* FindFollower.h */ = {isa = PBXFileReference; fileEncoding = 4; lastKnownFileType = sourcecode.c.h; name = FindFollower.h; path = ../cuda/host/FindFollower.h; sourceTree = "<group>"; };
		1C4BE7C40FAE00EC0028D34A /* FindFollower.cu */ = {isa = PBXFileReference; explicitFileType = sourcecode.cpp; fileEncoding = 4; name = FindFollower.cu; path = ../cuda/host/FindFollower.cu; sourceTree = "<group>"; };
		1C4BE7C70FAE02860028D34A /* SeekVectorProviderCUDAKernel.h */ = {isa = PBXFileReference; fileEncoding = 4; lastKnownFileType = sourcecode.c.h; path = SeekVectorProviderCUDAKernel.h; sourceTree = "<group>"; };
		1C4BE7CC0FAE04270028D34A /* SteerForSeek.h */ = {isa = PBXFileReference; fileEncoding = 4; lastKnownFileType = sourcecode.c.h; name = SteerForSeek.h; path = ../cuda/host/SteerForSeek.h; sourceTree = "<group>"; };
		1C4BE7CD0FAE04270028D34A /* SteerForSeek.cu */ = {isa = PBXFileReference; explicitFileType = sourcecode.cpp; fileEncoding = 4; name = SteerForSeek.cu; path = ../cuda/host/SteerForSeek.cu; sourceTree = "<group>"; };
		1C4BE7F30FAE2D8A0028D34A /* SteerForFlee.h */ = {isa = PBXFileReference; fileEncoding = 4; lastKnownFileType = sourcecode.c.h; name = SteerForFlee.h; path = ../cuda/host/SteerForFlee.h; sourceTree = SOURCE_ROOT; };
		1C4BE7F40FAE2D8A0028D34A /* SteerForFlee.cu */ = {isa = PBXFileReference; explicitFileType = sourcecode.cpp; fileEncoding = 4; name = SteerForFlee.cu; path = ../cuda/host/SteerForFlee.cu; sourceTree = SOURCE_ROOT; };
		1C4BE7F70FAE303D0028D34A /* TargetSpeedProviderCUDAKernel.h */ = {isa = PBXFileReference; fileEncoding = 4; lastKnownFileType = sourcecode.c.h; path = TargetSpeedProviderCUDAKernel.h; sourceTree = "<group>"; };
		1C4BE7FA0FAE31D40028D34A /* SteerForTargetSpeed.h */ = {isa = PBXFileReference; fileEncoding = 4; lastKnownFileType = sourcecode.c.h; name = SteerForTargetSpeed.h; path = ../cuda/host/SteerForTargetSpeed.h; sourceTree = SOURCE_ROOT; };
		1C4BE7FB0FAE31D40028D34A /* SteerForTargetSpeed.cu */ = {isa = PBXFileReference; explicitFileType = sourcecode.cpp; fileEncoding = 4; name = SteerForTargetSpeed.cu; path = ../cuda/host/SteerForTargetSpeed.cu; sourceTree = SOURCE_ROOT; };
		1C6473A60F821F92006F4046 /* MemoryBackend.h */ = {isa = PBXFileReference; fileEncoding = 4; lastKnownFileType = sourcecode.c.h; path = MemoryBackend.h; sourceTree = "<group>"; };
		1C6473A70F821F92006F4046 /* MemoryBackend.cpp */ = {isa = PBXFileReference; fileEncoding = 4; lastKnownFileType = sourcecode.cpp.cpp; path = MemoryBackend.cpp; sourceTree = "<group>"; };
		1C6A87C10F95D92500A2D253 /* steerToStayOnPathKernel.cu */ = {isa = PBXFileReference; explicitFileType = sourcecode.cpp; fileEncoding = 4; name = steerToStayOnPathKernel.cu; path = ../cuda/device/steerToStayOnPathKernel.cu; sourceTree = "<group>"; };
		1C6A88860F95EE6900A2D253 /* steerForEvasionKernel.cu */ = {isa = PBXFileReference; explicitFileType = sourcecode.cpp; fileEncoding = 4; name = steerForEvasionKernel.cu; path = ../cuda/device/steerForEvasionKernel.cu; sourceTree = "<group>"; };
		1C6C7F310F9C8A4E003932BE /* findNeighborsKernel.cu */ = {isa = PBXFileReference; explicitFileType = sourcecode.cpp; fileEncoding = 4; name = findNeighborsKernel.cu; path = ../cuda/device/findNeighborsKernel.cu; sourceTree = "<group>"; };
		1C6C7F3A0F9C8BEE003932BE /* NeighborData.h */ = {isa = PBXFileReference; fileEncoding = 4; lastKnownFileType = sourcecode.c.h; path = NeighborData.h; sourceTree = "<group>"; };
		1C8DA5670F767783006231F5 /* updateKernel.cu */ = {isa = PBXFileReference; explicitFileType = sourcecode.cpp; fileEncoding = 4; name = updateKernel.cu; path = ../cuda/device/updateKernel.cu; sourceTree = "<group>"; };
		1C9118E40F9C919600941CFC /* CUDANeighborUtilities.cu */ = {isa = PBXFileReference; explicitFileType = sourcecode.cpp; fileEncoding = 4; name = CUDANeighborUtilities.cu; path = ../cuda/device/CUDANeighborUtilities.cu; sourceTree = "<group>"; };
		1C9119700F9CDB3900941CFC /* steerForSeparationKernel.cu */ = {isa = PBXFileReference; explicitFileType = sourcecode.cpp; fileEncoding = 4; name = steerForSeparationKernel.cu; path = ../cuda/device/steerForSeparationKernel.cu; sourceTree = "<group>"; };
		1C9C36A10F94872900F4A359 /* FollowPathCUDA.cpp */ = {isa = PBXFileReference; fileEncoding = 4; lastKnownFileType = sourcecode.cpp.cpp; path = FollowPathCUDA.cpp; sourceTree = "<group>"; };
		1C9C36E50F948A4100F4A359 /* FollowPathCUDAStarter.cu */ = {isa = PBXFileReference; explicitFileType = sourcecode.c; fileEncoding = 4; path = FollowPathCUDAStarter.cu; sourceTree = "<group>"; };
		1C9C36E90F948BD500F4A359 /* PathwayDataFunc.h */ = {isa = PBXFileReference; fileEncoding = 4; lastKnownFileType = sourcecode.c.h; path = PathwayDataFunc.h; sourceTree = "<group>"; };
		1C9C36EA0F948BD500F4A359 /* PathwayDataFunc.cpp */ = {isa = PBXFileReference; fileEncoding = 4; lastKnownFileType = sourcecode.cpp.cpp; path = PathwayDataFunc.cpp; sourceTree = "<group>"; };
		1C9D1FEF0FADA58900A43134 /* JustWanderCUDA.cpp */ = {isa = PBXFileReference; fileEncoding = 4; lastKnownFileType = sourcecode.cpp.cpp; path = JustWanderCUDA.cpp; sourceTree = "<group>"; };
		1C9D20710FADB32800A43134 /* Update.h */ = {isa = PBXFileReference; fileEncoding = 4; lastKnownFileType = sourcecode.c.h; name = Update.h; path = ../cuda/host/Update.h; sourceTree = SOURCE_ROOT; };
		1C9D20720FADB32800A43134 /* Update.cu */ = {isa = PBXFileReference; explicitFileType = sourcecode.cpp; fileEncoding = 4; name = Update.cu; path = ../cuda/host/Update.cu; sourceTree = SOURCE_ROOT; };
		1CA02A120F8D188100D03331 /* WanderAround.cpp */ = {isa = PBXFileReference; fileEncoding = 4; lastKnownFileType = sourcecode.cpp.cpp; path = WanderAround.cpp; sourceTree = "<group>"; };
		1CA56B4B0F82266200819A74 /* VehicleData.h */ = {isa = PBXFileReference; fileEncoding = 4; lastKnownFileType = sourcecode.c.h; path = VehicleData.h; sourceTree = "<group>"; };
		1CA56BDD0F824EF800819A74 /* SimpleVehicleMB.h */ = {isa = PBXFileReference; fileEncoding = 4; lastKnownFileType = sourcecode.c.h; path = SimpleVehicleMB.h; sourceTree = "<group>"; };
		1CA56BDE0F824EF800819A74 /* SimpleVehicleMB.cpp */ = {isa = PBXFileReference; fileEncoding = 4; lastKnownFileType = sourcecode.cpp.cpp; path = SimpleVehicleMB.cpp; sourceTree = "<group>"; };
		1CA7B00D0FA5AD0F004E76BF /* steerToAvoidCloseNeighborsKernel.cu */ = {isa = PBXFileReference; explicitFileType = sourcecode.cpp; fileEncoding = 4; name = steerToAvoidCloseNeighborsKernel.cu; path = ../cuda/device/steerToAvoidCloseNeighborsKernel.cu; sourceTree = SOURCE_ROOT; };
		1CA7B0130FA5B762004E76BF /* steerToAvoidNeighborsKernel.cu */ = {isa = PBXFileReference; explicitFileType = sourcecode.cpp; fileEncoding = 4; name = steerToAvoidNeighborsKernel.cu; path = ../cuda/device/steerToAvoidNeighborsKernel.cu; sourceTree = SOURCE_ROOT; };
		1CB06F0E0FA6401300E59A31 /* AbstractCUDAKernel.h */ = {isa = PBXFileReference; explicitFileType = sourcecode.cpp.h; fileEncoding = 4; path = AbstractCUDAKernel.h; sourceTree = "<group>"; };
		1CBD02080F72795400DEE3E8 /* PolonaiseCUDA.cpp */ = {isa = PBXFileReference; fileEncoding = 4; lastKnownFileType = sourcecode.cpp.cpp; path = PolonaiseCUDA.cpp; sourceTree = "<group>"; };
		1CBD023E0F72876D00DEE3E8 /* PolonaiseCUDAStarter.cu */ = {isa = PBXFileReference; explicitFileType = sourcecode.c; fileEncoding = 4; path = PolonaiseCUDAStarter.cu; sourceTree = "<group>"; };
		1CBD02860F728D4800DEE3E8 /* libcutil.a */ = {isa = PBXFileReference; lastKnownFileType = archive.ar; name = libcutil.a; path = CUDA/lib/libcutil.a; sourceTree = SYSTEM_DEVELOPER_DIR; };
		1CC0331A0FA7023100104572 /* CUDAPlugIn.h */ = {isa = PBXFileReference; fileEncoding = 4; lastKnownFileType = sourcecode.c.h; path = CUDAPlugIn.h; sourceTree = "<group>"; };
		1CC0333F0FA70F9D00104572 /* CUDAPlugIn.cpp */ = {isa = PBXFileReference; fileEncoding = 4; lastKnownFileType = sourcecode.cpp.cpp; path = CUDAPlugIn.cpp; sourceTree = "<group>"; };
		1CC034980FA7335F00104572 /* SteerForWander.cu */ = {isa = PBXFileReference; explicitFileType = sourcecode.cpp.cpp; fileEncoding = 4; name = SteerForWander.cu; path = ../cuda/host/SteerForWander.cu; sourceTree = "<group>"; };
		1CC0349A0FA7338400104572 /* SteerForWander.h */ = {isa = PBXFileReference; fileEncoding = 4; lastKnownFileType = sourcecode.c.h; name = SteerForWander.h; path = ../cuda/host/SteerForWander.h; sourceTree = "<group>"; };
		1CC034D30FA73C7500104572 /* AbstractCUDAKernel.cpp */ = {isa = PBXFileReference; fileEncoding = 4; lastKnownFileType = sourcecode.cpp.cpp; path = AbstractCUDAKernel.cpp; sourceTree = "<group>"; };
		1CC8D5FB0F8DC64B006CEA94 /* WanderAroundCUDA.cpp */ = {isa = PBXFileReference; fileEncoding = 4; lastKnownFileType = sourcecode.cpp.cpp; path = WanderAroundCUDA.cpp; sourceTree = "<group>"; };
		1CC8D6060F8DC8D9006CEA94 /* WanderAroundCUDAStarter.cu */ = {isa = PBXFileReference; explicitFileType = sourcecode.c; fileEncoding = 4; path = WanderAroundCUDAStarter.cu; sourceTree = "<group>"; };
		1CC990830F8B5346009D50A4 /* resetOnCollisionKernel.cu */ = {isa = PBXFileReference; explicitFileType = sourcecode.cpp; fileEncoding = 4; name = resetOnCollisionKernel.cu; path = ../cuda/device/resetOnCollisionKernel.cu; sourceTree = "<group>"; };
		1CC9C2180F70FD1400990434 /* Polonaise.cpp */ = {isa = PBXFileReference; fileEncoding = 4; lastKnownFileType = sourcecode.cpp.cpp; path = Polonaise.cpp; sourceTree = "<group>"; };
		1CCAD2CB0F6E81CA005A3712 /* libcuda.dylib */ = {isa = PBXFileReference; lastKnownFileType = "compiled.mach-o.dylib"; name = libcuda.dylib; path = /usr/local/cuda/lib/libcuda.dylib; sourceTree = "<absolute>"; };
		1CCAD2CC0F6E81CA005A3712 /* libcudart.dylib */ = {isa = PBXFileReference; lastKnownFileType = "compiled.mach-o.dylib"; name = libcudart.dylib; path = /usr/local/cuda/lib/libcudart.dylib; sourceTree = "<absolute>"; };
		1CCE694B0F7A3C4800DB4AA8 /* steerForSeekKernel.cu */ = {isa = PBXFileReference; explicitFileType = sourcecode.cpp; fileEncoding = 4; name = steerForSeekKernel.cu; path = ../cuda/device/steerForSeekKernel.cu; sourceTree = "<group>"; };
		1CD0583A0F9C6A4100320687 /* Grid.h */ = {isa = PBXFileReference; fileEncoding = 4; lastKnownFileType = sourcecode.c.h; path = Grid.h; sourceTree = "<group>"; };
		1CD0583B0F9C6A4100320687 /* Grid.cpp */ = {isa = PBXFileReference; fileEncoding = 4; lastKnownFileType = sourcecode.cpp.cpp; path = Grid.cpp; sourceTree = "<group>"; };
		1CD457350F9350A3008D29D5 /* CUDAPathwayUtilities.cu */ = {isa = PBXFileReference; explicitFileType = sourcecode.cpp; fileEncoding = 4; name = CUDAPathwayUtilities.cu; path = ../cuda/device/CUDAPathwayUtilities.cu; sourceTree = SOURCE_ROOT; };
		1CD457470F936E62008D29D5 /* FollowPath.cpp */ = {isa = PBXFileReference; fileEncoding = 4; lastKnownFileType = sourcecode.cpp.cpp; path = FollowPath.cpp; sourceTree = "<group>"; };
		1CD457670F937A00008D29D5 /* steerToFollowPathKernel.cu */ = {isa = PBXFileReference; explicitFileType = sourcecode.cpp; fileEncoding = 4; name = steerToFollowPathKernel.cu; path = ../cuda/device/steerToFollowPathKernel.cu; sourceTree = "<group>"; };
		1CD4EAF80F934EC000F5D923 /* PathwayData.h */ = {isa = PBXFileReference; fileEncoding = 4; lastKnownFileType = sourcecode.c.h; path = PathwayData.h; sourceTree = "<group>"; };
		1CE2B0700F90D092002F3089 /* CUDAKernelOptions.cu */ = {isa = PBXFileReference; explicitFileType = sourcecode.cpp; fileEncoding = 4; name = CUDAKernelOptions.cu; path = ../cuda/device/CUDAKernelOptions.cu; sourceTree = "<group>"; };
		29B97319FDCFA39411CA2CEA /* English */ = {isa = PBXFileReference; lastKnownFileType = wrapper.nib; name = English; path = English.lproj/MainMenu.nib; sourceTree = "<group>"; };
		3248EFBB06F0A6380069A576 /* README_CVS_WITH_XCODE.txt */ = {isa = PBXFileReference; fileEncoding = 4; lastKnownFileType = text; path = README_CVS_WITH_XCODE.txt; sourceTree = "<group>"; };
		32FFF49106E90A9F00E1D8A3 /* GLUT.framework */ = {isa = PBXFileReference; lastKnownFileType = wrapper.framework; name = GLUT.framework; path = /System/Library/Frameworks/GLUT.framework; sourceTree = "<absolute>"; };
		32FFF49206E90A9F00E1D8A3 /* OpenGL.framework */ = {isa = PBXFileReference; lastKnownFileType = wrapper.framework; name = OpenGL.framework; path = /System/Library/Frameworks/OpenGL.framework; sourceTree = "<absolute>"; };
		32FFF4FA06E958DE00E1D8A3 /* libstdc++.a */ = {isa = PBXFileReference; lastKnownFileType = archive.ar; name = "libstdc++.a"; path = "/usr/lib/gcc/darwin/3.3/libstdc++.a"; sourceTree = "<absolute>"; };
		32FFF52406E9CEA700E1D8A3 /* AbstractVehicle.h */ = {isa = PBXFileReference; fileEncoding = 30; lastKnownFileType = sourcecode.c.h; path = AbstractVehicle.h; sourceTree = "<group>"; };
		32FFF52506E9CEA700E1D8A3 /* Annotation.h */ = {isa = PBXFileReference; fileEncoding = 30; lastKnownFileType = sourcecode.c.h; path = Annotation.h; sourceTree = "<group>"; };
		32FFF52606E9CEA700E1D8A3 /* Camera.h */ = {isa = PBXFileReference; fileEncoding = 30; lastKnownFileType = sourcecode.c.h; path = Camera.h; sourceTree = "<group>"; };
		32FFF52706E9CEA700E1D8A3 /* Clock.h */ = {isa = PBXFileReference; fileEncoding = 30; lastKnownFileType = sourcecode.c.h; path = Clock.h; sourceTree = "<group>"; };
		32FFF52806E9CEA700E1D8A3 /* Draw.h */ = {isa = PBXFileReference; fileEncoding = 30; lastKnownFileType = sourcecode.c.h; path = Draw.h; sourceTree = "<group>"; };
		32FFF52906E9CEA700E1D8A3 /* LocalSpace.h */ = {isa = PBXFileReference; fileEncoding = 30; lastKnownFileType = sourcecode.c.h; path = LocalSpace.h; sourceTree = "<group>"; };
		32FFF52A06E9CEA700E1D8A3 /* lq.h */ = {isa = PBXFileReference; fileEncoding = 30; lastKnownFileType = sourcecode.c.h; path = lq.h; sourceTree = "<group>"; };
		32FFF52B06E9CEA700E1D8A3 /* Obstacle.h */ = {isa = PBXFileReference; fileEncoding = 30; lastKnownFileType = sourcecode.c.h; path = Obstacle.h; sourceTree = "<group>"; };
		32FFF52C06E9CEA700E1D8A3 /* Pathway.h */ = {isa = PBXFileReference; fileEncoding = 30; lastKnownFileType = sourcecode.c.h; path = Pathway.h; sourceTree = "<group>"; };
		32FFF52D06E9CEA700E1D8A3 /* PlugIn.h */ = {isa = PBXFileReference; fileEncoding = 30; lastKnownFileType = sourcecode.c.h; path = PlugIn.h; sourceTree = "<group>"; };
		32FFF52E06E9CEA700E1D8A3 /* Proximity.h */ = {isa = PBXFileReference; fileEncoding = 30; lastKnownFileType = sourcecode.c.h; path = Proximity.h; sourceTree = "<group>"; };
		32FFF52F06E9CEA700E1D8A3 /* SimpleVehicle.h */ = {isa = PBXFileReference; fileEncoding = 30; lastKnownFileType = sourcecode.c.h; path = SimpleVehicle.h; sourceTree = "<group>"; };
		32FFF53006E9CEA700E1D8A3 /* SteerLibrary.h */ = {isa = PBXFileReference; fileEncoding = 30; lastKnownFileType = sourcecode.c.h; path = SteerLibrary.h; sourceTree = "<group>"; };
		32FFF53206E9CEA700E1D8A3 /* Utilities.h */ = {isa = PBXFileReference; fileEncoding = 30; lastKnownFileType = sourcecode.c.h; path = Utilities.h; sourceTree = "<group>"; };
		32FFF53306E9CEA700E1D8A3 /* Vec3.h */ = {isa = PBXFileReference; fileEncoding = 30; lastKnownFileType = sourcecode.c.h; path = Vec3.h; sourceTree = "<group>"; };
		32FFF54506E9CEBD00E1D8A3 /* Camera.cpp */ = {isa = PBXFileReference; fileEncoding = 30; lastKnownFileType = sourcecode.cpp.cpp; path = Camera.cpp; sourceTree = "<group>"; };
		32FFF54606E9CEBD00E1D8A3 /* Clock.cpp */ = {isa = PBXFileReference; fileEncoding = 30; lastKnownFileType = sourcecode.cpp.cpp; path = Clock.cpp; sourceTree = "<group>"; };
		32FFF54706E9CEBD00E1D8A3 /* Draw.cpp */ = {isa = PBXFileReference; fileEncoding = 30; lastKnownFileType = sourcecode.cpp.cpp; path = Draw.cpp; sourceTree = "<group>"; };
		32FFF54806E9CEBD00E1D8A3 /* lq.c */ = {isa = PBXFileReference; fileEncoding = 30; lastKnownFileType = sourcecode.c.c; path = lq.c; sourceTree = "<group>"; };
		32FFF54906E9CEBD00E1D8A3 /* main.cpp */ = {isa = PBXFileReference; fileEncoding = 30; lastKnownFileType = sourcecode.cpp.cpp; path = main.cpp; sourceTree = "<group>"; };
		32FFF54A06E9CEBD00E1D8A3 /* Pathway.cpp */ = {isa = PBXFileReference; fileEncoding = 30; lastKnownFileType = sourcecode.cpp.cpp; path = Pathway.cpp; sourceTree = "<group>"; };
		32FFF54B06E9CEBD00E1D8A3 /* PlugIn.cpp */ = {isa = PBXFileReference; fileEncoding = 30; lastKnownFileType = sourcecode.cpp.cpp; path = PlugIn.cpp; sourceTree = "<group>"; };
		32FFF54C06E9CEBD00E1D8A3 /* SimpleVehicle.cpp */ = {isa = PBXFileReference; fileEncoding = 30; lastKnownFileType = sourcecode.cpp.cpp; path = SimpleVehicle.cpp; sourceTree = "<group>"; };
		32FFF54E06E9CEBD00E1D8A3 /* Vec3.cpp */ = {isa = PBXFileReference; fileEncoding = 30; lastKnownFileType = sourcecode.cpp.cpp; path = Vec3.cpp; sourceTree = "<group>"; };
		32FFF56406E9CECE00E1D8A3 /* Boids.cpp */ = {isa = PBXFileReference; fileEncoding = 30; lastKnownFileType = sourcecode.cpp.cpp; path = Boids.cpp; sourceTree = "<group>"; };
		32FFF56506E9CECE00E1D8A3 /* CaptureTheFlag.cpp */ = {isa = PBXFileReference; fileEncoding = 30; lastKnownFileType = sourcecode.cpp.cpp; path = CaptureTheFlag.cpp; sourceTree = "<group>"; };
		32FFF56606E9CECE00E1D8A3 /* LowSpeedTurn.cpp */ = {isa = PBXFileReference; fileEncoding = 30; lastKnownFileType = sourcecode.cpp.cpp; path = LowSpeedTurn.cpp; sourceTree = "<group>"; };
		32FFF56706E9CECE00E1D8A3 /* MapDrive.cpp */ = {isa = PBXFileReference; fileEncoding = 30; lastKnownFileType = sourcecode.cpp.cpp; path = MapDrive.cpp; sourceTree = "<group>"; };
		32FFF56806E9CECE00E1D8A3 /* MultiplePursuit.cpp */ = {isa = PBXFileReference; fileEncoding = 30; lastKnownFileType = sourcecode.cpp.cpp; path = MultiplePursuit.cpp; sourceTree = "<group>"; };
		32FFF56906E9CECE00E1D8A3 /* OneTurning.cpp */ = {isa = PBXFileReference; fileEncoding = 30; lastKnownFileType = sourcecode.cpp.cpp; path = OneTurning.cpp; sourceTree = "<group>"; };
		32FFF56A06E9CECE00E1D8A3 /* Pedestrian.cpp */ = {isa = PBXFileReference; fileEncoding = 30; lastKnownFileType = sourcecode.cpp.cpp; path = Pedestrian.cpp; sourceTree = "<group>"; };
		32FFF56B06E9CECE00E1D8A3 /* Soccer.cpp */ = {isa = PBXFileReference; fileEncoding = 30; lastKnownFileType = sourcecode.cpp.cpp; path = Soccer.cpp; sourceTree = "<group>"; };
		32FFF58006E9CF3800E1D8A3 /* OpenSteer.icns */ = {isa = PBXFileReference; lastKnownFileType = image.icns; path = OpenSteer.icns; sourceTree = "<group>"; };
		32FFF59306EB3FDE00E1D8A3 /* doc */ = {isa = PBXFileReference; lastKnownFileType = folder; name = doc; path = ../doc; sourceTree = "<group>"; };
		32FFF5A506EB3FFD00E1D8A3 /* COPYING.OPENSTEER */ = {isa = PBXFileReference; fileEncoding = 30; lastKnownFileType = text; name = COPYING.OPENSTEER; path = ../COPYING.OPENSTEER; sourceTree = "<group>"; };
		84AD12AD070E221100559513 /* OpenSteerDemo.h */ = {isa = PBXFileReference; fileEncoding = 30; lastKnownFileType = sourcecode.c.h; path = OpenSteerDemo.h; sourceTree = "<group>"; };
		84AD12B1070E224000559513 /* OpenSteerDemo.cpp */ = {isa = PBXFileReference; fileEncoding = 30; lastKnownFileType = sourcecode.cpp.cpp; path = OpenSteerDemo.cpp; sourceTree = "<group>"; };
		8D1107310486CEB800E47090 /* Info.plist */ = {isa = PBXFileReference; fileEncoding = 4; lastKnownFileType = text.plist; path = Info.plist; sourceTree = "<group>"; };
		8D1107320486CEB800E47090 /* OpenSteerDemo.app */ = {isa = PBXFileReference; explicitFileType = wrapper.application; includeInIndex = 0; path = OpenSteerDemo.app; sourceTree = BUILT_PRODUCTS_DIR; };
/* End PBXFileReference section */

/* Begin PBXFrameworksBuildPhase section */
		8D11072E0486CEB800E47090 /* Frameworks */ = {
			isa = PBXFrameworksBuildPhase;
			buildActionMask = 2147483647;
			files = (
				8D11072F0486CEB800E47090 /* Cocoa.framework in Frameworks */,
				32FFF49306E90A9F00E1D8A3 /* GLUT.framework in Frameworks */,
				32FFF49406E90A9F00E1D8A3 /* OpenGL.framework in Frameworks */,
				32FFF4FB06E958DE00E1D8A3 /* libstdc++.a in Frameworks */,
				1CCAD2CD0F6E81CA005A3712 /* libcuda.dylib in Frameworks */,
				1CCAD2CE0F6E81CA005A3712 /* libcudart.dylib in Frameworks */,
				1CBD02870F728D4800DEE3E8 /* libcutil.a in Frameworks */,
				1C3569F90F9F1B7C0079E377 /* libcutilD.a in Frameworks */,
			);
			runOnlyForDeploymentPostprocessing = 0;
		};
/* End PBXFrameworksBuildPhase section */

/* Begin PBXGroup section */
		19C28FACFE9D520D11CA2CBB /* Products */ = {
			isa = PBXGroup;
			children = (
				8D1107320486CEB800E47090 /* OpenSteerDemo.app */,
			);
			name = Products;
			sourceTree = "<group>";
		};
		1C18ED980F7BB4D800100C21 /* CUDA */ = {
			isa = PBXGroup;
			children = (
				1CC033A60FA71B4D00104572 /* Host Code */,
				1C18ED9F0F7BB72F00100C21 /* Device Code */,
			);
			name = CUDA;
			sourceTree = "<group>";
		};
		1C18ED9F0F7BB72F00100C21 /* Device Code */ = {
			isa = PBXGroup;
			children = (
				1CCE694B0F7A3C4800DB4AA8 /* steerForSeekKernel.cu */,
				1C18EDA90F7BC3B600100C21 /* steerForFleeKernel.cu */,
				1C18EDEA0F7BC6BF00100C21 /* steerForWanderKernel.cu */,
				1C18EE130F7BE14200100C21 /* steerForTargetSpeedKernel.cu */,
				1C18EE6C0F7C037F00100C21 /* steerForPursuitKernel.cu */,
				1C6A88860F95EE6900A2D253 /* steerForEvasionKernel.cu */,
				1C45007A0F8E06E900804B2F /* steerToAvoidObstaclesKernel.cu */,
				1CA7B00D0FA5AD0F004E76BF /* steerToAvoidCloseNeighborsKernel.cu */,
				1CA7B0130FA5B762004E76BF /* steerToAvoidNeighborsKernel.cu */,
				1CD457670F937A00008D29D5 /* steerToFollowPathKernel.cu */,
				1C6A87C10F95D92500A2D253 /* steerToStayOnPathKernel.cu */,
				1C9119700F9CDB3900941CFC /* steerForSeparationKernel.cu */,
				1C1B66130F9DD2FD002C5E0C /* steerForAlignmentKernel.cu */,
				1C1B66170F9DD4CC002C5E0C /* steerForCohesionKernel.cu */,
				1C0FF03C0F88E5A5002009B6 /* findFollowerKernel.cu */,
				1C6C7F310F9C8A4E003932BE /* findNeighborsKernel.cu */,
				1CC990830F8B5346009D50A4 /* resetOnCollisionKernel.cu */,
				1C8DA5670F767783006231F5 /* updateKernel.cu */,
				1C18ED9A0F7BB51000100C21 /* CUDAVectorUtilities.cu */,
				1C18EDA60F7BC25D00100C21 /* CUDAFloatUtilities.cu */,
				1CD457350F9350A3008D29D5 /* CUDAPathwayUtilities.cu */,
				1CE2B0700F90D092002F3089 /* CUDAKernelOptions.cu */,
				1C9118E40F9C919600941CFC /* CUDANeighborUtilities.cu */,
			);
			name = "Device Code";
			sourceTree = "<group>";
		};
		1CB06E920FA6144A00E59A31 /* other */ = {
			isa = PBXGroup;
			children = (
				32FFF56606E9CECE00E1D8A3 /* LowSpeedTurn.cpp */,
				32FFF56706E9CECE00E1D8A3 /* MapDrive.cpp */,
				32FFF56906E9CECE00E1D8A3 /* OneTurning.cpp */,
				32FFF56A06E9CECE00E1D8A3 /* Pedestrian.cpp */,
				32FFF56B06E9CECE00E1D8A3 /* Soccer.cpp */,
				32FFF56506E9CECE00E1D8A3 /* CaptureTheFlag.cpp */,
			);
			name = other;
			sourceTree = "<group>";
		};
		1CC033A60FA71B4D00104572 /* Host Code */ = {
			isa = PBXGroup;
			children = (
				1C4BE7F40FAE2D8A0028D34A /* SteerForFlee.cu */,
				1C4BE7F30FAE2D8A0028D34A /* SteerForFlee.h */,
				1CC034980FA7335F00104572 /* SteerForWander.cu */,
				1CC0349A0FA7338400104572 /* SteerForWander.h */,
				1C4BE7CD0FAE04270028D34A /* SteerForSeek.cu */,
				1C4BE7CC0FAE04270028D34A /* SteerForSeek.h */,
				1C4BE7FB0FAE31D40028D34A /* SteerForTargetSpeed.cu */,
				1C4BE7FA0FAE31D40028D34A /* SteerForTargetSpeed.h */,
				1C9D20720FADB32800A43134 /* Update.cu */,
				1C9D20710FADB32800A43134 /* Update.h */,
				1C4BE7C40FAE00EC0028D34A /* FindFollower.cu */,
				1C4BE7C30FAE00EC0028D34A /* FindFollower.h */,
			);
			name = "Host Code";
			sourceTree = "<group>";
		};
		29B97314FDCFA39411CA2CEA /* opensteer */ = {
			isa = PBXGroup;
			children = (
				32FFF59206EB3F9A00E1D8A3 /* Documents */,
				84FACBA506EFC297000A998A /* Source Code */,
				29B97317FDCFA39411CA2CEA /* Resources */,
				29B97323FDCFA39411CA2CEA /* Frameworks */,
				19C28FACFE9D520D11CA2CBB /* Products */,
			);
			name = opensteer;
			sourceTree = "<group>";
		};
		29B97317FDCFA39411CA2CEA /* Resources */ = {
			isa = PBXGroup;
			children = (
				32FFF58006E9CF3800E1D8A3 /* OpenSteer.icns */,
				8D1107310486CEB800E47090 /* Info.plist */,
				089C165CFE840E0CC02AAC07 /* InfoPlist.strings */,
				29B97318FDCFA39411CA2CEA /* MainMenu.nib */,
			);
			name = Resources;
			sourceTree = "<group>";
		};
		29B97323FDCFA39411CA2CEA /* Frameworks */ = {
			isa = PBXGroup;
			children = (
				1C3569F80F9F1B7C0079E377 /* libcutilD.a */,
				1CBD02860F728D4800DEE3E8 /* libcutil.a */,
				1CCAD2CB0F6E81CA005A3712 /* libcuda.dylib */,
				1CCAD2CC0F6E81CA005A3712 /* libcudart.dylib */,
				32FFF4FA06E958DE00E1D8A3 /* libstdc++.a */,
				32FFF49106E90A9F00E1D8A3 /* GLUT.framework */,
				32FFF49206E90A9F00E1D8A3 /* OpenGL.framework */,
				1058C7A1FEA54F0111CA2CBB /* Cocoa.framework */,
			);
			name = Frameworks;
			sourceTree = "<group>";
		};
		32FFF52206E9CEA700E1D8A3 /* include */ = {
			isa = PBXGroup;
			children = (
				32FFF52306E9CEA700E1D8A3 /* OpenSteer */,
			);
			name = include;
			path = ../include;
			sourceTree = "<group>";
		};
		32FFF52306E9CEA700E1D8A3 /* OpenSteer */ = {
			isa = PBXGroup;
			children = (
				1CD0583A0F9C6A4100320687 /* Grid.h */,
				1C0FEF380F88CC59002009B6 /* RandomizedVector.h */,
				32FFF52406E9CEA700E1D8A3 /* AbstractVehicle.h */,
				32FFF52506E9CEA700E1D8A3 /* Annotation.h */,
				32FFF52606E9CEA700E1D8A3 /* Camera.h */,
				32FFF52706E9CEA700E1D8A3 /* Clock.h */,
				32FFF52806E9CEA700E1D8A3 /* Draw.h */,
				32FFF52906E9CEA700E1D8A3 /* LocalSpace.h */,
				32FFF52A06E9CEA700E1D8A3 /* lq.h */,
				32FFF52B06E9CEA700E1D8A3 /* Obstacle.h */,
				84AD12AD070E221100559513 /* OpenSteerDemo.h */,
				32FFF52C06E9CEA700E1D8A3 /* Pathway.h */,
				32FFF52D06E9CEA700E1D8A3 /* PlugIn.h */,
				32FFF52E06E9CEA700E1D8A3 /* Proximity.h */,
				32FFF52F06E9CEA700E1D8A3 /* SimpleVehicle.h */,
				1CA56BDD0F824EF800819A74 /* SimpleVehicleMB.h */,
				32FFF53006E9CEA700E1D8A3 /* SteerLibrary.h */,
				32FFF53206E9CEA700E1D8A3 /* Utilities.h */,
				32FFF53306E9CEA700E1D8A3 /* Vec3.h */,
				1C6473A60F821F92006F4046 /* MemoryBackend.h */,
				1CA56B4B0F82266200819A74 /* VehicleData.h */,
				1C4500920F8E0EA000804B2F /* ObstacleData.h */,
				1CD4EAF80F934EC000F5D923 /* PathwayData.h */,
				1C9C36E90F948BD500F4A359 /* PathwayDataFunc.h */,
				1C6C7F3A0F9C8BEE003932BE /* NeighborData.h */,
				1CB06F0E0FA6401300E59A31 /* AbstractCUDAKernel.h */,
				1CC0331A0FA7023100104572 /* CUDAPlugIn.h */,
				1C4BE7C70FAE02860028D34A /* SeekVectorProviderCUDAKernel.h */,
				1C4BE7F70FAE303D0028D34A /* TargetSpeedProviderCUDAKernel.h */,
			);
			path = OpenSteer;
			sourceTree = "<group>";
		};
		32FFF54406E9CEBD00E1D8A3 /* src */ = {
			isa = PBXGroup;
			children = (
				1CD0583B0F9C6A4100320687 /* Grid.cpp */,
				1C9C36EA0F948BD500F4A359 /* PathwayDataFunc.cpp */,
				1C6473A70F821F92006F4046 /* MemoryBackend.cpp */,
				32FFF54506E9CEBD00E1D8A3 /* Camera.cpp */,
				32FFF54606E9CEBD00E1D8A3 /* Clock.cpp */,
				32FFF54706E9CEBD00E1D8A3 /* Draw.cpp */,
				32FFF54806E9CEBD00E1D8A3 /* lq.c */,
				32FFF54906E9CEBD00E1D8A3 /* main.cpp */,
				84AD12B1070E224000559513 /* OpenSteerDemo.cpp */,
				32FFF54A06E9CEBD00E1D8A3 /* Pathway.cpp */,
				32FFF54B06E9CEBD00E1D8A3 /* PlugIn.cpp */,
				32FFF54C06E9CEBD00E1D8A3 /* SimpleVehicle.cpp */,
				1CA56BDE0F824EF800819A74 /* SimpleVehicleMB.cpp */,
				32FFF54E06E9CEBD00E1D8A3 /* Vec3.cpp */,
				1C0FEF1C0F88C816002009B6 /* RandomizedVector.cpp */,
				1CC0333F0FA70F9D00104572 /* CUDAPlugIn.cpp */,
				1CC034D30FA73C7500104572 /* AbstractCUDAKernel.cpp */,
			);
			name = src;
			path = ../src;
			sourceTree = "<group>";
		};
		32FFF56306E9CECE00E1D8A3 /* plugins */ = {
			isa = PBXGroup;
			children = (
				1CB06E920FA6144A00E59A31 /* other */,
				32FFF56406E9CECE00E1D8A3 /* Boids.cpp */,
				1C1B66E50F9DEC13002C5E0C /* BoidsCUDA.cpp */,
				1C3568AB0F9F009B0079E377 /* BoidsCUDAStarter.cu */,
				1CD457470F936E62008D29D5 /* FollowPath.cpp */,
				1C9C36A10F94872900F4A359 /* FollowPathCUDA.cpp */,
				1C9C36E50F948A4100F4A359 /* FollowPathCUDAStarter.cu */,
				1C9D1FEF0FADA58900A43134 /* JustWanderCUDA.cpp */,
				32FFF56806E9CECE00E1D8A3 /* MultiplePursuit.cpp */,
				1C18EE1C0F7BF24A00100C21 /* MultiplePursuitCUDA.cpp */,
				1C18EE640F7C031300100C21 /* MultiplePursuitCUDAStarter.cu */,
				1CC9C2180F70FD1400990434 /* Polonaise.cpp */,
				1CBD02080F72795400DEE3E8 /* PolonaiseCUDA.cpp */,
				1CBD023E0F72876D00DEE3E8 /* PolonaiseCUDAStarter.cu */,
				1CA02A120F8D188100D03331 /* WanderAround.cpp */,
				1CC8D5FB0F8DC64B006CEA94 /* WanderAroundCUDA.cpp */,
				1CC8D6060F8DC8D9006CEA94 /* WanderAroundCUDAStarter.cu */,
			);
			name = plugins;
			path = ../plugins;
			sourceTree = "<group>";
		};
		32FFF59206EB3F9A00E1D8A3 /* Documents */ = {
			isa = PBXGroup;
			children = (
				3248EFBB06F0A6380069A576 /* README_CVS_WITH_XCODE.txt */,
				32FFF5A506EB3FFD00E1D8A3 /* COPYING.OPENSTEER */,
				32FFF59306EB3FDE00E1D8A3 /* doc */,
			);
			name = Documents;
			sourceTree = "<group>";
		};
		84FACBA506EFC297000A998A /* Source Code */ = {
			isa = PBXGroup;
			children = (
				1C18ED980F7BB4D800100C21 /* CUDA */,
				32FFF56306E9CECE00E1D8A3 /* plugins */,
				32FFF54406E9CEBD00E1D8A3 /* src */,
				32FFF52206E9CEA700E1D8A3 /* include */,
			);
			name = "Source Code";
			sourceTree = "<group>";
		};
/* End PBXGroup section */

/* Begin PBXNativeTarget section */
		8D1107260486CEB800E47090 /* OpenSteerDemo */ = {
			isa = PBXNativeTarget;
			buildConfigurationList = 1C34DA530F6D2FB50098F991 /* Build configuration list for PBXNativeTarget "OpenSteerDemo" */;
			buildPhases = (
				8D1107290486CEB800E47090 /* Resources */,
				8D11072C0486CEB800E47090 /* Sources */,
				8D11072E0486CEB800E47090 /* Frameworks */,
				1C4500110F8DF70C00804B2F /* Workaround for defect CUDA library */,
				1C66895B0FACB9D0003361FD /* Remove .linkinfo files */,
			);
			buildRules = (
				1CCAD2BB0F6E7D03005A3712 /* PBXBuildRule */,
			);
			dependencies = (
			);
			name = OpenSteerDemo;
			productInstallPath = "$(HOME)/Applications";
			productName = opensteer;
			productReference = 8D1107320486CEB800E47090 /* OpenSteerDemo.app */;
			productType = "com.apple.product-type.application";
		};
/* End PBXNativeTarget section */

/* Begin PBXProject section */
		29B97313FDCFA39411CA2CEA /* Project object */ = {
			isa = PBXProject;
			buildConfigurationList = 1C34DA520F6D2FB50098F991 /* Build configuration list for PBXProject "OpenSteer" */;
			compatibilityVersion = "Xcode 2.4";
			hasScannedForEncodings = 1;
			mainGroup = 29B97314FDCFA39411CA2CEA /* opensteer */;
			projectDirPath = "";
			projectRoot = ..;
			targets = (
				8D1107260486CEB800E47090 /* OpenSteerDemo */,
			);
		};
/* End PBXProject section */

/* Begin PBXResourcesBuildPhase section */
		8D1107290486CEB800E47090 /* Resources */ = {
			isa = PBXResourcesBuildPhase;
			buildActionMask = 2147483647;
			files = (
				8D11072A0486CEB800E47090 /* MainMenu.nib in Resources */,
				8D11072B0486CEB800E47090 /* InfoPlist.strings in Resources */,
				32FFF58106E9CF3800E1D8A3 /* OpenSteer.icns in Resources */,
				84AD12AE070E221100559513 /* OpenSteerDemo.h in Resources */,
				1CCE694C0F7A3C5800DB4AA8 /* steerForSeekKernel.cu in Resources */,
				1CE2B0710F90D092002F3089 /* CUDAKernelOptions.cu in Resources */,
				1CD457360F9350A3008D29D5 /* CUDAPathwayUtilities.cu in Resources */,
				1C4BE7C50FAE00EC0028D34A /* FindFollower.cu in Resources */,
				1C4BE7CE0FAE04270028D34A /* SteerForSeek.cu in Resources */,
				1C4BE7F50FAE2D8A0028D34A /* SteerForFlee.cu in Resources */,
			);
			runOnlyForDeploymentPostprocessing = 0;
		};
/* End PBXResourcesBuildPhase section */

/* Begin PBXShellScriptBuildPhase section */
		1C4500110F8DF70C00804B2F /* Workaround for defect CUDA library */ = {
			isa = PBXShellScriptBuildPhase;
			buildActionMask = 2147483647;
			files = (
			);
			inputPaths = (
				"$(BUILT_PRODUCTS_DIR)/OpenSteerDemo.app",
			);
			name = "Workaround for defect CUDA library";
			outputPaths = (
			);
			runOnlyForDeploymentPostprocessing = 0;
			shellPath = /bin/sh;
			shellScript = "install_name_tool -change /Volumes/Builds/nv/build/rel/gpu_drv/r180/r180_00/drivers/gpgpu/bin/i386_Darwin_release/libcuda.dylib @rpath/libcuda.dylib $BUILT_PRODUCTS_DIR/OpenSteerDemo.app/Contents/MacOS/OpenSteerDemo";
		};
		1C66895B0FACB9D0003361FD /* Remove .linkinfo files */ = {
			isa = PBXShellScriptBuildPhase;
			buildActionMask = 2147483647;
			files = (
			);
			inputPaths = (
			);
			name = "Remove .linkinfo files";
			outputPaths = (
			);
			runOnlyForDeploymentPostprocessing = 0;
			shellPath = /bin/sh;
			shellScript = "rm ${PROJECT_DIR}/*.linkinfo 2> /dev/null\nexit 0";
		};
/* End PBXShellScriptBuildPhase section */

/* Begin PBXSourcesBuildPhase section */
		8D11072C0486CEB800E47090 /* Sources */ = {
			isa = PBXSourcesBuildPhase;
			buildActionMask = 2147483647;
			files = (
				1CCE69670F7A43B600DB4AA8 /* steerForSeekKernel.cu in Sources */,
				32FFF54F06E9CEBD00E1D8A3 /* Camera.cpp in Sources */,
				32FFF55006E9CEBD00E1D8A3 /* Clock.cpp in Sources */,
				32FFF55106E9CEBD00E1D8A3 /* Draw.cpp in Sources */,
				32FFF55206E9CEBD00E1D8A3 /* lq.c in Sources */,
				32FFF55306E9CEBD00E1D8A3 /* main.cpp in Sources */,
				32FFF55406E9CEBE00E1D8A3 /* Pathway.cpp in Sources */,
				32FFF55506E9CEBE00E1D8A3 /* PlugIn.cpp in Sources */,
				32FFF55606E9CEBE00E1D8A3 /* SimpleVehicle.cpp in Sources */,
				32FFF55806E9CEBE00E1D8A3 /* Vec3.cpp in Sources */,
				32FFF57006E9CECE00E1D8A3 /* MultiplePursuit.cpp in Sources */,
				84AD12B2070E224000559513 /* OpenSteerDemo.cpp in Sources */,
				1CC9C2190F70FD1400990434 /* Polonaise.cpp in Sources */,
				1C8DA56C0F768139006231F5 /* updateKernel.cu in Sources */,
				1C18ED9E0F7BB6A800100C21 /* CUDAVectorUtilities.cu in Sources */,
				1C18EDA70F7BC2FD00100C21 /* CUDAFloatUtilities.cu in Sources */,
				1C18EE1D0F7BF24A00100C21 /* MultiplePursuitCUDA.cpp in Sources */,
				1C18EE6D0F7C039A00100C21 /* steerForPursuitKernel.cu in Sources */,
				1CDFFCCE0F7FA7AF00A9159E /* MultiplePursuitCUDAStarter.cu in Sources */,
				1C6473A80F821F92006F4046 /* MemoryBackend.cpp in Sources */,
				1CA56BDF0F824EF800819A74 /* SimpleVehicleMB.cpp in Sources */,
				1C0FEF1D0F88C816002009B6 /* RandomizedVector.cpp in Sources */,
				1C0FEFC10F88DBB1002009B6 /* PolonaiseCUDA.cpp in Sources */,
				1C0FEFC30F88DC05002009B6 /* PolonaiseCUDAStarter.cu in Sources */,
				1C0FF04D0F88F388002009B6 /* findFollowerKernel.cu in Sources */,
				1CA02A130F8D188100D03331 /* WanderAround.cpp in Sources */,
				1CC8D5FC0F8DC64B006CEA94 /* WanderAroundCUDA.cpp in Sources */,
				1CC8D61A0F8DD037006CEA94 /* WanderAroundCUDAStarter.cu in Sources */,
				1C45011C0F8E404C00804B2F /* steerToAvoidObstaclesKernel.cu in Sources */,
				1CD457480F936E62008D29D5 /* FollowPath.cpp in Sources */,
				1C9C36A20F94872900F4A359 /* FollowPathCUDA.cpp in Sources */,
				1C9C36EB0F948BD500F4A359 /* PathwayDataFunc.cpp in Sources */,
				1C6A83E80F94A0E900A2D253 /* FollowPathCUDAStarter.cu in Sources */,
				1C6A888E0F95F6F100A2D253 /* steerForEvasionKernel.cu in Sources */,
				1C6A89DA0F96182D00A2D253 /* steerForFleeKernel.cu in Sources */,
				1C6A89EB0F96267F00A2D253 /* steerForTargetSpeedKernel.cu in Sources */,
				1C2995270F9B3DEB0018FD5C /* steerToFollowPathKernel.cu in Sources */,
				1CD0583C0F9C6A4100320687 /* Grid.cpp in Sources */,
				1C1B66DA0F9DEBD4002C5E0C /* Boids.cpp in Sources */,
				1C1B66E60F9DEC13002C5E0C /* BoidsCUDA.cpp in Sources */,
				1C3568E70F9F0E5D0079E377 /* BoidsCUDAStarter.cu in Sources */,
				1C3568F50F9F0F8C0079E377 /* findNeighborsKernel.cu in Sources */,
				1C356C5A0F9F2ECF0079E377 /* CUDANeighborUtilities.cu in Sources */,
				1C356C8C0F9F46D90079E377 /* steerForSeparationKernel.cu in Sources */,
				1C356C8D0F9F46DD0079E377 /* steerForAlignmentKernel.cu in Sources */,
				1C356C8E0F9F46E10079E377 /* steerForCohesionKernel.cu in Sources */,
				1CA7B0970FA5DE99004E76BF /* steerToAvoidCloseNeighborsKernel.cu in Sources */,
				1CA4556F0FA5EC15003AC8B3 /* steerToAvoidNeighborsKernel.cu in Sources */,
				1CC033B70FA71E6C00104572 /* steerForWanderKernel.cu in Sources */,
				1CC034120FA725A100104572 /* CUDAPlugIn.cpp in Sources */,
				1CC034990FA7335F00104572 /* SteerForWander.cu in Sources */,
				1CC034D40FA73C7500104572 /* AbstractCUDAKernel.cpp in Sources */,
				1C9D1FF00FADA58900A43134 /* JustWanderCUDA.cpp in Sources */,
				1C9D209A0FADB57600A43134 /* Update.cu in Sources */,
				1C4BE7FC0FAE31D40028D34A /* SteerForTargetSpeed.cu in Sources */,
			);
			runOnlyForDeploymentPostprocessing = 0;
		};
/* End PBXSourcesBuildPhase section */

/* Begin PBXVariantGroup section */
		089C165CFE840E0CC02AAC07 /* InfoPlist.strings */ = {
			isa = PBXVariantGroup;
			children = (
				089C165DFE840E0CC02AAC07 /* English */,
			);
			name = InfoPlist.strings;
			sourceTree = "<group>";
		};
		29B97318FDCFA39411CA2CEA /* MainMenu.nib */ = {
			isa = PBXVariantGroup;
			children = (
				29B97319FDCFA39411CA2CEA /* English */,
			);
			name = MainMenu.nib;
			sourceTree = "<group>";
		};
/* End PBXVariantGroup section */

/* Begin XCBuildConfiguration section */
		1C34DA480F6D2FB50098F991 /* Development */ = {
			isa = XCBuildConfiguration;
			buildSettings = {
				OTHER_CPLUSPLUSFLAGS = (
					"$(OTHER_CFLAGS)",
					"-fpermissive",
				);
				USER_HEADER_SEARCH_PATHS = "$(PROJECT_DIR)/../cuda/device/ /usr/local/cuda/include/";
			};
			name = Development;
		};
		1C34DA490F6D2FB50098F991 /* Deployment */ = {
			isa = XCBuildConfiguration;
			buildSettings = {
				OTHER_CPLUSPLUSFLAGS = (
					"$(OTHER_CFLAGS)",
					"-fpermissive",
				);
				USER_HEADER_SEARCH_PATHS = "$(PROJECT_DIR)/../cuda/device/ /usr/local/cuda/include/";
			};
			name = Deployment;
		};
		1C34DA4A0F6D2FB50098F991 /* Default */ = {
			isa = XCBuildConfiguration;
			buildSettings = {
				OTHER_CPLUSPLUSFLAGS = (
					"$(OTHER_CFLAGS)",
					"-fpermissive",
				);
				USER_HEADER_SEARCH_PATHS = "$(PROJECT_DIR)/../cuda/device/ /usr/local/cuda/include/";
			};
			name = Default;
		};
		1C34DA4B0F6D2FB50098F991 /* Development */ = {
			isa = XCBuildConfiguration;
			buildSettings = {
				COPY_PHASE_STRIP = NO;
				GCC_DYNAMIC_NO_PIC = NO;
				GCC_ENABLE_FIX_AND_CONTINUE = YES;
				GCC_GENERATE_DEBUGGING_SYMBOLS = YES;
				GCC_OPTIMIZATION_LEVEL = 0;
				GCC_PRECOMPILE_PREFIX_HEADER = NO;
				GCC_PREFIX_HEADER = "";
				GCC_WARN_ABOUT_MISSING_PROTOTYPES = NO;
				GCC_WARN_ALLOW_INCOMPLETE_PROTOCOL = NO;
				GCC_WARN_CHECK_SWITCH_STATEMENTS = YES;
				GCC_WARN_EFFECTIVE_CPLUSPLUS_VIOLATIONS = NO;
				GCC_WARN_FOUR_CHARACTER_CONSTANTS = YES;
				GCC_WARN_HIDDEN_VIRTUAL_FUNCTIONS = NO;
				GCC_WARN_INHIBIT_ALL_WARNINGS = NO;
				GCC_WARN_INITIALIZER_NOT_FULLY_BRACKETED = YES;
				GCC_WARN_MISSING_PARENTHESES = YES;
				GCC_WARN_NON_VIRTUAL_DESTRUCTOR = NO;
				GCC_WARN_PEDANTIC = YES;
				GCC_WARN_SHADOW = NO;
				GCC_WARN_SIGN_COMPARE = YES;
				GCC_WARN_TYPECHECK_CALLS_TO_PRINTF = NO;
				GCC_WARN_UNINITIALIZED_AUTOS = NO;
				GCC_WARN_UNUSED_FUNCTION = NO;
				GCC_WARN_UNUSED_LABEL = NO;
				GCC_WARN_UNUSED_PARAMETER = NO;
				GCC_WARN_UNUSED_VALUE = NO;
				GCC_WARN_UNUSED_VARIABLE = NO;
				HEADER_SEARCH_PATHS = ../include;
				INFOPLIST_FILE = Info.plist;
				INSTALL_PATH = "$(HOME)/Applications";
				LIBRARY_SEARCH_PATHS = (
					/usr/lib/gcc/darwin/3.3,
					/usr/local/cuda/lib,
					"$(LIBRARY_SEARCH_PATHS_QUOTED_FOR_TARGET_1)",
					"$(LIBRARY_SEARCH_PATHS_QUOTED_FOR_TARGET_2)",
				);
				LIBRARY_SEARCH_PATHS_QUOTED_FOR_TARGET_1 = "\"$(DEVELOPER_DIR)/CUDA/lib\"";
				LIBRARY_SEARCH_PATHS_QUOTED_FOR_TARGET_2 = "\"$(DEVELOPER_DIR)/CUDA/lib\"";
				PRODUCT_NAME = OpenSteerDemo;
				WRAPPER_EXTENSION = app;
				ZERO_LINK = YES;
			};
			name = Development;
		};
		1C34DA4C0F6D2FB50098F991 /* Deployment */ = {
			isa = XCBuildConfiguration;
			buildSettings = {
				COPY_PHASE_STRIP = YES;
				GCC_ENABLE_FIX_AND_CONTINUE = NO;
				GCC_GENERATE_DEBUGGING_SYMBOLS = NO;
				GCC_MODEL_CPU = "";
				GCC_PRECOMPILE_PREFIX_HEADER = NO;
				GCC_PREFIX_HEADER = "";
				GCC_WARN_SIGN_COMPARE = NO;
				HEADER_SEARCH_PATHS = ../include;
				INFOPLIST_FILE = Info.plist;
				INSTALL_PATH = "$(HOME)/Applications";
				LIBRARY_SEARCH_PATHS = (
					/usr/lib/gcc/darwin/3.3,
					/usr/local/cuda/lib,
					"$(LIBRARY_SEARCH_PATHS_QUOTED_FOR_TARGET_1)",
					"$(LIBRARY_SEARCH_PATHS_QUOTED_FOR_TARGET_2)",
				);
				LIBRARY_SEARCH_PATHS_QUOTED_FOR_TARGET_1 = "\"$(DEVELOPER_DIR)/CUDA/lib\"";
				LIBRARY_SEARCH_PATHS_QUOTED_FOR_TARGET_2 = "\"$(DEVELOPER_DIR)/CUDA/lib\"";
				PRODUCT_NAME = OpenSteerDemo;
				WRAPPER_EXTENSION = app;
				ZERO_LINK = NO;
			};
			name = Deployment;
		};
		1C34DA4D0F6D2FB50098F991 /* Default */ = {
			isa = XCBuildConfiguration;
			buildSettings = {
				GCC_GENERATE_DEBUGGING_SYMBOLS = NO;
				GCC_PRECOMPILE_PREFIX_HEADER = NO;
				GCC_PREFIX_HEADER = "";
				INFOPLIST_FILE = Info.plist;
				INSTALL_PATH = "$(HOME)/Applications";
				LIBRARY_SEARCH_PATHS = (
					/usr/lib/gcc/darwin/3.3,
					/usr/local/cuda/lib,
					"$(LIBRARY_SEARCH_PATHS_QUOTED_FOR_TARGET_1)",
					"$(LIBRARY_SEARCH_PATHS_QUOTED_FOR_TARGET_2)",
				);
				LIBRARY_SEARCH_PATHS_QUOTED_FOR_TARGET_1 = "\"$(DEVELOPER_DIR)/CUDA/lib\"";
				LIBRARY_SEARCH_PATHS_QUOTED_FOR_TARGET_2 = "\"$(DEVELOPER_DIR)/CUDA/lib\"";
				PRODUCT_NAME = OpenSteerDemo;
				WRAPPER_EXTENSION = app;
			};
			name = Default;
		};
		1CAEBF620FA07B8B006ABCA9 /* DevelopmentWithGPU */ = {
			isa = XCBuildConfiguration;
			buildSettings = {
				OTHER_CPLUSPLUSFLAGS = (
					"$(OTHER_CFLAGS)",
					"-fpermissive",
				);
				USER_HEADER_SEARCH_PATHS = "$(PROJECT_DIR)/../cuda/device/ /usr/local/cuda/include/";
			};
			name = DevelopmentWithGPU;
		};
		1CAEBF630FA07B8B006ABCA9 /* DevelopmentWithGPU */ = {
			isa = XCBuildConfiguration;
			buildSettings = {
				COPY_PHASE_STRIP = NO;
				GCC_DYNAMIC_NO_PIC = NO;
				GCC_ENABLE_FIX_AND_CONTINUE = YES;
				GCC_GENERATE_DEBUGGING_SYMBOLS = YES;
				GCC_OPTIMIZATION_LEVEL = 0;
				GCC_PRECOMPILE_PREFIX_HEADER = NO;
				GCC_PREFIX_HEADER = "";
				GCC_WARN_ABOUT_MISSING_PROTOTYPES = NO;
				GCC_WARN_ALLOW_INCOMPLETE_PROTOCOL = NO;
				GCC_WARN_CHECK_SWITCH_STATEMENTS = YES;
				GCC_WARN_EFFECTIVE_CPLUSPLUS_VIOLATIONS = NO;
				GCC_WARN_FOUR_CHARACTER_CONSTANTS = YES;
				GCC_WARN_HIDDEN_VIRTUAL_FUNCTIONS = NO;
				GCC_WARN_INHIBIT_ALL_WARNINGS = NO;
				GCC_WARN_INITIALIZER_NOT_FULLY_BRACKETED = YES;
				GCC_WARN_MISSING_PARENTHESES = YES;
				GCC_WARN_NON_VIRTUAL_DESTRUCTOR = NO;
				GCC_WARN_PEDANTIC = YES;
				GCC_WARN_SHADOW = NO;
				GCC_WARN_SIGN_COMPARE = YES;
				GCC_WARN_TYPECHECK_CALLS_TO_PRINTF = NO;
				GCC_WARN_UNINITIALIZED_AUTOS = NO;
				GCC_WARN_UNUSED_FUNCTION = NO;
				GCC_WARN_UNUSED_LABEL = NO;
				GCC_WARN_UNUSED_PARAMETER = NO;
				GCC_WARN_UNUSED_VALUE = NO;
				GCC_WARN_UNUSED_VARIABLE = NO;
				HEADER_SEARCH_PATHS = ../include;
				INFOPLIST_FILE = Info.plist;
				INSTALL_PATH = "$(HOME)/Applications";
				LIBRARY_SEARCH_PATHS = (
					/usr/lib/gcc/darwin/3.3,
					/usr/local/cuda/lib,
					"$(LIBRARY_SEARCH_PATHS_QUOTED_FOR_TARGET_1)",
					"$(LIBRARY_SEARCH_PATHS_QUOTED_FOR_TARGET_2)",
				);
				LIBRARY_SEARCH_PATHS_QUOTED_FOR_TARGET_1 = "\"$(DEVELOPER_DIR)/CUDA/lib\"";
				LIBRARY_SEARCH_PATHS_QUOTED_FOR_TARGET_2 = "\"$(DEVELOPER_DIR)/CUDA/lib\"";
				PRODUCT_NAME = OpenSteerDemo;
				WRAPPER_EXTENSION = app;
				ZERO_LINK = YES;
			};
			name = DevelopmentWithGPU;
		};
/* End XCBuildConfiguration section */

/* Begin XCConfigurationList section */
		1C34DA520F6D2FB50098F991 /* Build configuration list for PBXProject "OpenSteer" */ = {
			isa = XCConfigurationList;
			buildConfigurations = (
				1C34DA480F6D2FB50098F991 /* Development */,
				1CAEBF620FA07B8B006ABCA9 /* DevelopmentWithGPU */,
				1C34DA490F6D2FB50098F991 /* Deployment */,
				1C34DA4A0F6D2FB50098F991 /* Default */,
			);
			defaultConfigurationIsVisible = 0;
			defaultConfigurationName = Default;
		};
		1C34DA530F6D2FB50098F991 /* Build configuration list for PBXNativeTarget "OpenSteerDemo" */ = {
			isa = XCConfigurationList;
			buildConfigurations = (
				1C34DA4B0F6D2FB50098F991 /* Development */,
				1CAEBF630FA07B8B006ABCA9 /* DevelopmentWithGPU */,
				1C34DA4C0F6D2FB50098F991 /* Deployment */,
				1C34DA4D0F6D2FB50098F991 /* Default */,
			);
			defaultConfigurationIsVisible = 0;
			defaultConfigurationName = Default;
		};
/* End XCConfigurationList section */
	};
	rootObject = 29B97313FDCFA39411CA2CEA /* Project object */;
}
